
Microsoft Visual Studio Solution File, Format Version 12.00
# Visual Studio Version 17
VisualStudioVersion = 17.0.31410.414
MinimumVisualStudioVersion = 10.0.40219.1
Project("{9A19103F-16F7-4668-BE54-9A1E7A4F7556}") = "Anno.Const", "src\Anno.Const\Anno.Const.csproj", "{72002C37-BBC4-43EA-82E0-C7205F5A18A1}"
EndProject
Project("{9A19103F-16F7-4668-BE54-9A1E7A4F7556}") = "Anno.Log", "src\Anno.Log\Anno.Log.csproj", "{9D9BF405-D966-4345-87EF-7031FB56F914}"
EndProject
Project("{9A19103F-16F7-4668-BE54-9A1E7A4F7556}") = "Anno.Loader", "src\Anno.Loader\Anno.Loader.csproj", "{16054712-4822-41BD-96A7-A17CA01E0836}"
EndProject
Project("{9A19103F-16F7-4668-BE54-9A1E7A4F7556}") = "Anno.CronNET", "src\Anno.CronNET\Anno.CronNET.csproj", "{3CD1A9D4-5D61-4CE4-ADC0-13646AC165A7}"
EndProject
Project("{9A19103F-16F7-4668-BE54-9A1E7A4F7556}") = "Anno.EngineData", "src\Anno.EngineData\Anno.EngineData.csproj", "{CF8C6C6F-F259-4227-B2F7-9E7E03D59A74}"
EndProject
Project("{2150E333-8FDC-42A3-9474-1A3956D46DE8}") = "src", "src", "{9FFB057D-707E-464D-9C1E-4BFBBD22AC93}"
EndProject
Project("{9A19103F-16F7-4668-BE54-9A1E7A4F7556}") = "Anno.Rpc.Center", "src\Core\Anno.Rpc.Center\Anno.Rpc.Center.csproj", "{6F070C23-A0F1-4B7C-9E2A-5235CCE6F6C1}"
EndProject
Project("{9A19103F-16F7-4668-BE54-9A1E7A4F7556}") = "Anno.Rpc.Client", "src\Core\Anno.Rpc.Client\Anno.Rpc.Client.csproj", "{3BB97F09-EF42-49E5-8BA8-656478C72A02}"
EndProject
Project("{9A19103F-16F7-4668-BE54-9A1E7A4F7556}") = "Anno.Rpc.Server", "src\Core\Anno.Rpc.Server\Anno.Rpc.Server.csproj", "{3D39EC98-C316-4B4F-95D2-C0DDB39C993A}"
EndProject
Project("{2150E333-8FDC-42A3-9474-1A3956D46DE8}") = "Grpc", "Grpc", "{9D8DA6E9-587C-4685-A83A-71BC31BF9A86}"
EndProject
Project("{9A19103F-16F7-4668-BE54-9A1E7A4F7556}") = "Anno.Rpc.CenterGrpc", "src\Core\Grpc\Anno.Rpc.Center\Anno.Rpc.CenterGrpc.csproj", "{0850FC60-C0B1-4DEA-AC62-74BBE9B17732}"
EndProject
Project("{9A19103F-16F7-4668-BE54-9A1E7A4F7556}") = "Anno.Rpc.ClientGrpc", "src\Core\Grpc\Anno.Rpc.Client\Anno.Rpc.ClientGrpc.csproj", "{4D33539F-1BD3-4CE0-8F1E-AFD3B2EB7CD1}"
EndProject
Project("{9A19103F-16F7-4668-BE54-9A1E7A4F7556}") = "Anno.Rpc.ServerGrpc", "src\Core\Grpc\Anno.Rpc.Server\Anno.Rpc.ServerGrpc.csproj", "{014FCB6B-CD70-4491-8E2D-FAE5F1DFFA1E}"
EndProject
Project("{2150E333-8FDC-42A3-9474-1A3956D46DE8}") = "samples", "samples", "{1CB9768D-3941-4FE0-99E8-7FD319A959A3}"
EndProject
Project("{2150E333-8FDC-42A3-9474-1A3956D46DE8}") = "test", "test", "{B1D75545-FB2B-445F-AE77-6B9EB5906E2F}"
	ProjectSection(SolutionItems) = preProject
		test\annoTest.bat = test\annoTest.bat
		test\annoTestRelease.bat = test\annoTestRelease.bat
	EndProjectSection
EndProject
Project("{2150E333-8FDC-42A3-9474-1A3956D46DE8}") = "Thrift", "Thrift", "{118EC682-0C63-4EDF-A192-49607FB665F2}"
	ProjectSection(SolutionItems) = preProject
		samples\Thrift\annoCenter.bat = samples\Thrift\annoCenter.bat
		samples\Thrift\annoCenterRelease.bat = samples\Thrift\annoCenterRelease.bat
		samples\Thrift\annoService.bat = samples\Thrift\annoService.bat
		samples\Thrift\annoServiceRelease.bat = samples\Thrift\annoServiceRelease.bat
	EndProjectSection
EndProject
Project("{2150E333-8FDC-42A3-9474-1A3956D46DE8}") = "Grpc", "Grpc", "{4182479F-7B50-4B51-80FD-7EED6C3A1A84}"
	ProjectSection(SolutionItems) = preProject
		samples\Grpc\annoCenter.bat = samples\Grpc\annoCenter.bat
		samples\Grpc\annoCenterRelease.bat = samples\Grpc\annoCenterRelease.bat
		samples\Grpc\annoService.bat = samples\Grpc\annoService.bat
		samples\Grpc\annoServiceRelease.bat = samples\Grpc\annoServiceRelease.bat
	EndProjectSection
EndProject
Project("{9A19103F-16F7-4668-BE54-9A1E7A4F7556}") = "AnnoCenter", "samples\Thrift\AnnoCenter\AnnoCenter.csproj", "{3E972B44-A51F-40BE-ABA5-D60EFCCC344E}"
EndProject
Project("{9A19103F-16F7-4668-BE54-9A1E7A4F7556}") = "AnnoService", "samples\Thrift\AnnoService\AnnoService.csproj", "{255EA20C-5E2C-447F-98D0-E2B8F98FC366}"
EndProject
Project("{9A19103F-16F7-4668-BE54-9A1E7A4F7556}") = "AnnoCenter", "samples\Grpc\AnnoCenter\AnnoCenter.csproj", "{845DFC0C-DBF4-4080-BDDD-70F059EC54B0}"
EndProject
Project("{9A19103F-16F7-4668-BE54-9A1E7A4F7556}") = "AnnoService", "samples\Grpc\AnnoService\AnnoService.csproj", "{34D91175-933D-4EFC-B021-6933717A41C8}"
EndProject
Project("{2150E333-8FDC-42A3-9474-1A3956D46DE8}") = "Packages", "Packages", "{5EE94D38-77C8-422C-9E1B-23CBDCFFBA0E}"
EndProject
Project("{9A19103F-16F7-4668-BE54-9A1E7A4F7556}") = "HelloWorldDto", "samples\Packages\HelloWorldDto\HelloWorldDto.csproj", "{E67EEC45-7591-4B3B-BE59-52C2C7A8E514}"
EndProject
Project("{9A19103F-16F7-4668-BE54-9A1E7A4F7556}") = "Anno.Plugs.HelloWorldService", "samples\Packages\Anno.Plugs.HelloWorldService\Anno.Plugs.HelloWorldService.csproj", "{45FE5691-32D0-4DB7-B60C-8CBE534CE1F7}"
EndProject
Project("{9A19103F-16F7-4668-BE54-9A1E7A4F7556}") = "Anno.Plugs.SoEasyService", "samples\Packages\Anno.Plugs.SoEasyService\Anno.Plugs.SoEasyService.csproj", "{F0B8E8BF-3736-4629-9F4F-866FABA780F6}"
EndProject
Project("{9A19103F-16F7-4668-BE54-9A1E7A4F7556}") = "Anno.Plugs.TraceService", "samples\Packages\Anno.Plugs.TraceService\Anno.Plugs.TraceService.csproj", "{DBF77683-1694-47B0-8650-400B82F240B7}"
EndProject
Project("{9A19103F-16F7-4668-BE54-9A1E7A4F7556}") = "Anno.Plugs.DLockService", "samples\Packages\Anno.Plugs.DLockService\Anno.Plugs.DLockService.csproj", "{221BE57F-E0ED-46CC-A8CB-9EB87EE7E688}"
EndProject
Project("{9A19103F-16F7-4668-BE54-9A1E7A4F7556}") = "ConsoleTest", "test\ConsoleTest\ConsoleTest.csproj", "{523E3383-4FE4-4F02-A37F-B4E86BB8A030}"
EndProject
Project("{9A19103F-16F7-4668-BE54-9A1E7A4F7556}") = "Anno.Test", "test\Anno.Test\Anno.Test.csproj", "{432C0AF6-9E06-4FB5-B678-8884F5106CD1}"
EndProject
Project("{2150E333-8FDC-42A3-9474-1A3956D46DE8}") = "builder", "builder", "{019EA972-EEAE-4F22-9DA8-9E79731927CF}"
	ProjectSection(SolutionItems) = preProject
		Directory.Build.props = Directory.Build.props
		key.snk = key.snk
		LICENSE = LICENSE
		logo.jpg = logo.jpg
	EndProjectSection
EndProject
Project("{2150E333-8FDC-42A3-9474-1A3956D46DE8}") = "Core", "Core", "{3EA5B10B-B18A-4913-9143-834A1C6DEC56}"
EndProject
Project("{2150E333-8FDC-42A3-9474-1A3956D46DE8}") = "docs", "docs", "{E07F4903-4978-463B-B17F-B9E3C8166920}"
	ProjectSection(SolutionItems) = preProject
		README.md = README.md
	EndProjectSection
EndProject
Project("{9A19103F-16F7-4668-BE54-9A1E7A4F7556}") = "Cocas", "samples\Thrift\Cocas\Cocas.csproj", "{F33E4A2B-5E10-4EAE-8B34-608066458EF4}"
EndProject
Project("{9A19103F-16F7-4668-BE54-9A1E7A4F7556}") = "Cocas", "samples\Grpc\Cocas\Cocas.csproj", "{38EB2206-0CD0-49CA-A031-E8B9014B7F20}"
EndProject
Global
	GlobalSection(SolutionConfigurationPlatforms) = preSolution
		Debug|Any CPU = Debug|Any CPU
		Release|Any CPU = Release|Any CPU
	EndGlobalSection
	GlobalSection(ProjectConfigurationPlatforms) = postSolution
		{72002C37-BBC4-43EA-82E0-C7205F5A18A1}.Debug|Any CPU.ActiveCfg = Debug|Any CPU
		{72002C37-BBC4-43EA-82E0-C7205F5A18A1}.Debug|Any CPU.Build.0 = Debug|Any CPU
		{72002C37-BBC4-43EA-82E0-C7205F5A18A1}.Release|Any CPU.ActiveCfg = Release|Any CPU
		{72002C37-BBC4-43EA-82E0-C7205F5A18A1}.Release|Any CPU.Build.0 = Release|Any CPU
		{9D9BF405-D966-4345-87EF-7031FB56F914}.Debug|Any CPU.ActiveCfg = Debug|Any CPU
		{9D9BF405-D966-4345-87EF-7031FB56F914}.Debug|Any CPU.Build.0 = Debug|Any CPU
		{9D9BF405-D966-4345-87EF-7031FB56F914}.Release|Any CPU.ActiveCfg = Release|Any CPU
		{9D9BF405-D966-4345-87EF-7031FB56F914}.Release|Any CPU.Build.0 = Release|Any CPU
		{16054712-4822-41BD-96A7-A17CA01E0836}.Debug|Any CPU.ActiveCfg = Debug|Any CPU
		{16054712-4822-41BD-96A7-A17CA01E0836}.Debug|Any CPU.Build.0 = Debug|Any CPU
		{16054712-4822-41BD-96A7-A17CA01E0836}.Release|Any CPU.ActiveCfg = Release|Any CPU
		{16054712-4822-41BD-96A7-A17CA01E0836}.Release|Any CPU.Build.0 = Release|Any CPU
		{3CD1A9D4-5D61-4CE4-ADC0-13646AC165A7}.Debug|Any CPU.ActiveCfg = Debug|Any CPU
		{3CD1A9D4-5D61-4CE4-ADC0-13646AC165A7}.Debug|Any CPU.Build.0 = Debug|Any CPU
		{3CD1A9D4-5D61-4CE4-ADC0-13646AC165A7}.Release|Any CPU.ActiveCfg = Release|Any CPU
		{3CD1A9D4-5D61-4CE4-ADC0-13646AC165A7}.Release|Any CPU.Build.0 = Release|Any CPU
		{CF8C6C6F-F259-4227-B2F7-9E7E03D59A74}.Debug|Any CPU.ActiveCfg = Debug|Any CPU
		{CF8C6C6F-F259-4227-B2F7-9E7E03D59A74}.Debug|Any CPU.Build.0 = Debug|Any CPU
		{CF8C6C6F-F259-4227-B2F7-9E7E03D59A74}.Release|Any CPU.ActiveCfg = Release|Any CPU
		{CF8C6C6F-F259-4227-B2F7-9E7E03D59A74}.Release|Any CPU.Build.0 = Release|Any CPU
		{6F070C23-A0F1-4B7C-9E2A-5235CCE6F6C1}.Debug|Any CPU.ActiveCfg = Debug|Any CPU
		{6F070C23-A0F1-4B7C-9E2A-5235CCE6F6C1}.Debug|Any CPU.Build.0 = Debug|Any CPU
		{6F070C23-A0F1-4B7C-9E2A-5235CCE6F6C1}.Release|Any CPU.ActiveCfg = Release|Any CPU
		{6F070C23-A0F1-4B7C-9E2A-5235CCE6F6C1}.Release|Any CPU.Build.0 = Release|Any CPU
		{3BB97F09-EF42-49E5-8BA8-656478C72A02}.Debug|Any CPU.ActiveCfg = Debug|Any CPU
		{3BB97F09-EF42-49E5-8BA8-656478C72A02}.Debug|Any CPU.Build.0 = Debug|Any CPU
		{3BB97F09-EF42-49E5-8BA8-656478C72A02}.Release|Any CPU.ActiveCfg = Release|Any CPU
		{3BB97F09-EF42-49E5-8BA8-656478C72A02}.Release|Any CPU.Build.0 = Release|Any CPU
		{3D39EC98-C316-4B4F-95D2-C0DDB39C993A}.Debug|Any CPU.ActiveCfg = Debug|Any CPU
		{3D39EC98-C316-4B4F-95D2-C0DDB39C993A}.Debug|Any CPU.Build.0 = Debug|Any CPU
		{3D39EC98-C316-4B4F-95D2-C0DDB39C993A}.Release|Any CPU.ActiveCfg = Release|Any CPU
		{3D39EC98-C316-4B4F-95D2-C0DDB39C993A}.Release|Any CPU.Build.0 = Release|Any CPU
		{0850FC60-C0B1-4DEA-AC62-74BBE9B17732}.Debug|Any CPU.ActiveCfg = Debug|Any CPU
		{0850FC60-C0B1-4DEA-AC62-74BBE9B17732}.Debug|Any CPU.Build.0 = Debug|Any CPU
		{0850FC60-C0B1-4DEA-AC62-74BBE9B17732}.Release|Any CPU.ActiveCfg = Release|Any CPU
		{0850FC60-C0B1-4DEA-AC62-74BBE9B17732}.Release|Any CPU.Build.0 = Release|Any CPU
		{4D33539F-1BD3-4CE0-8F1E-AFD3B2EB7CD1}.Debug|Any CPU.ActiveCfg = Debug|Any CPU
		{4D33539F-1BD3-4CE0-8F1E-AFD3B2EB7CD1}.Debug|Any CPU.Build.0 = Debug|Any CPU
		{4D33539F-1BD3-4CE0-8F1E-AFD3B2EB7CD1}.Release|Any CPU.ActiveCfg = Release|Any CPU
		{4D33539F-1BD3-4CE0-8F1E-AFD3B2EB7CD1}.Release|Any CPU.Build.0 = Release|Any CPU
		{014FCB6B-CD70-4491-8E2D-FAE5F1DFFA1E}.Debug|Any CPU.ActiveCfg = Debug|Any CPU
		{014FCB6B-CD70-4491-8E2D-FAE5F1DFFA1E}.Debug|Any CPU.Build.0 = Debug|Any CPU
		{014FCB6B-CD70-4491-8E2D-FAE5F1DFFA1E}.Release|Any CPU.ActiveCfg = Release|Any CPU
		{014FCB6B-CD70-4491-8E2D-FAE5F1DFFA1E}.Release|Any CPU.Build.0 = Release|Any CPU
		{3E972B44-A51F-40BE-ABA5-D60EFCCC344E}.Debug|Any CPU.ActiveCfg = Debug|Any CPU
		{3E972B44-A51F-40BE-ABA5-D60EFCCC344E}.Debug|Any CPU.Build.0 = Debug|Any CPU
		{3E972B44-A51F-40BE-ABA5-D60EFCCC344E}.Release|Any CPU.ActiveCfg = Release|Any CPU
		{3E972B44-A51F-40BE-ABA5-D60EFCCC344E}.Release|Any CPU.Build.0 = Release|Any CPU
		{255EA20C-5E2C-447F-98D0-E2B8F98FC366}.Debug|Any CPU.ActiveCfg = Debug|Any CPU
		{255EA20C-5E2C-447F-98D0-E2B8F98FC366}.Debug|Any CPU.Build.0 = Debug|Any CPU
		{255EA20C-5E2C-447F-98D0-E2B8F98FC366}.Release|Any CPU.ActiveCfg = Release|Any CPU
		{255EA20C-5E2C-447F-98D0-E2B8F98FC366}.Release|Any CPU.Build.0 = Release|Any CPU
		{845DFC0C-DBF4-4080-BDDD-70F059EC54B0}.Debug|Any CPU.ActiveCfg = Debug|Any CPU
		{845DFC0C-DBF4-4080-BDDD-70F059EC54B0}.Debug|Any CPU.Build.0 = Debug|Any CPU
		{845DFC0C-DBF4-4080-BDDD-70F059EC54B0}.Release|Any CPU.ActiveCfg = Release|Any CPU
		{845DFC0C-DBF4-4080-BDDD-70F059EC54B0}.Release|Any CPU.Build.0 = Release|Any CPU
		{34D91175-933D-4EFC-B021-6933717A41C8}.Debug|Any CPU.ActiveCfg = Debug|Any CPU
		{34D91175-933D-4EFC-B021-6933717A41C8}.Debug|Any CPU.Build.0 = Debug|Any CPU
		{34D91175-933D-4EFC-B021-6933717A41C8}.Release|Any CPU.ActiveCfg = Release|Any CPU
		{34D91175-933D-4EFC-B021-6933717A41C8}.Release|Any CPU.Build.0 = Release|Any CPU
		{E67EEC45-7591-4B3B-BE59-52C2C7A8E514}.Debug|Any CPU.ActiveCfg = Debug|Any CPU
		{E67EEC45-7591-4B3B-BE59-52C2C7A8E514}.Debug|Any CPU.Build.0 = Debug|Any CPU
		{E67EEC45-7591-4B3B-BE59-52C2C7A8E514}.Release|Any CPU.ActiveCfg = Release|Any CPU
		{E67EEC45-7591-4B3B-BE59-52C2C7A8E514}.Release|Any CPU.Build.0 = Release|Any CPU
		{45FE5691-32D0-4DB7-B60C-8CBE534CE1F7}.Debug|Any CPU.ActiveCfg = Debug|Any CPU
		{45FE5691-32D0-4DB7-B60C-8CBE534CE1F7}.Debug|Any CPU.Build.0 = Debug|Any CPU
		{45FE5691-32D0-4DB7-B60C-8CBE534CE1F7}.Release|Any CPU.ActiveCfg = Release|Any CPU
		{45FE5691-32D0-4DB7-B60C-8CBE534CE1F7}.Release|Any CPU.Build.0 = Release|Any CPU
		{F0B8E8BF-3736-4629-9F4F-866FABA780F6}.Debug|Any CPU.ActiveCfg = Debug|Any CPU
		{F0B8E8BF-3736-4629-9F4F-866FABA780F6}.Debug|Any CPU.Build.0 = Debug|Any CPU
		{F0B8E8BF-3736-4629-9F4F-866FABA780F6}.Release|Any CPU.ActiveCfg = Release|Any CPU
		{F0B8E8BF-3736-4629-9F4F-866FABA780F6}.Release|Any CPU.Build.0 = Release|Any CPU
		{DBF77683-1694-47B0-8650-400B82F240B7}.Debug|Any CPU.ActiveCfg = Debug|Any CPU
		{DBF77683-1694-47B0-8650-400B82F240B7}.Debug|Any CPU.Build.0 = Debug|Any CPU
		{DBF77683-1694-47B0-8650-400B82F240B7}.Release|Any CPU.ActiveCfg = Release|Any CPU
		{DBF77683-1694-47B0-8650-400B82F240B7}.Release|Any CPU.Build.0 = Release|Any CPU
		{221BE57F-E0ED-46CC-A8CB-9EB87EE7E688}.Debug|Any CPU.ActiveCfg = Debug|Any CPU
		{221BE57F-E0ED-46CC-A8CB-9EB87EE7E688}.Debug|Any CPU.Build.0 = Debug|Any CPU
		{221BE57F-E0ED-46CC-A8CB-9EB87EE7E688}.Release|Any CPU.ActiveCfg = Release|Any CPU
		{221BE57F-E0ED-46CC-A8CB-9EB87EE7E688}.Release|Any CPU.Build.0 = Release|Any CPU
		{523E3383-4FE4-4F02-A37F-B4E86BB8A030}.Debug|Any CPU.ActiveCfg = Debug|Any CPU
		{523E3383-4FE4-4F02-A37F-B4E86BB8A030}.Debug|Any CPU.Build.0 = Debug|Any CPU
		{523E3383-4FE4-4F02-A37F-B4E86BB8A030}.Release|Any CPU.ActiveCfg = Release|Any CPU
		{523E3383-4FE4-4F02-A37F-B4E86BB8A030}.Release|Any CPU.Build.0 = Release|Any CPU
		{432C0AF6-9E06-4FB5-B678-8884F5106CD1}.Debug|Any CPU.ActiveCfg = Debug|Any CPU
		{432C0AF6-9E06-4FB5-B678-8884F5106CD1}.Debug|Any CPU.Build.0 = Debug|Any CPU
		{432C0AF6-9E06-4FB5-B678-8884F5106CD1}.Release|Any CPU.ActiveCfg = Release|Any CPU
		{432C0AF6-9E06-4FB5-B678-8884F5106CD1}.Release|Any CPU.Build.0 = Release|Any CPU
		{F33E4A2B-5E10-4EAE-8B34-608066458EF4}.Debug|Any CPU.ActiveCfg = Debug|Any CPU
		{F33E4A2B-5E10-4EAE-8B34-608066458EF4}.Debug|Any CPU.Build.0 = Debug|Any CPU
		{F33E4A2B-5E10-4EAE-8B34-608066458EF4}.Release|Any CPU.ActiveCfg = Release|Any CPU
		{F33E4A2B-5E10-4EAE-8B34-608066458EF4}.Release|Any CPU.Build.0 = Release|Any CPU
		{38EB2206-0CD0-49CA-A031-E8B9014B7F20}.Debug|Any CPU.ActiveCfg = Debug|Any CPU
		{38EB2206-0CD0-49CA-A031-E8B9014B7F20}.Debug|Any CPU.Build.0 = Debug|Any CPU
		{38EB2206-0CD0-49CA-A031-E8B9014B7F20}.Release|Any CPU.ActiveCfg = Release|Any CPU
		{38EB2206-0CD0-49CA-A031-E8B9014B7F20}.Release|Any CPU.Build.0 = Release|Any CPU
	EndGlobalSection
	GlobalSection(SolutionProperties) = preSolution
		HideSolutionNode = FALSE
	EndGlobalSection
	GlobalSection(NestedProjects) = preSolution
		{72002C37-BBC4-43EA-82E0-C7205F5A18A1} = {9FFB057D-707E-464D-9C1E-4BFBBD22AC93}
		{9D9BF405-D966-4345-87EF-7031FB56F914} = {9FFB057D-707E-464D-9C1E-4BFBBD22AC93}
		{16054712-4822-41BD-96A7-A17CA01E0836} = {9FFB057D-707E-464D-9C1E-4BFBBD22AC93}
		{3CD1A9D4-5D61-4CE4-ADC0-13646AC165A7} = {9FFB057D-707E-464D-9C1E-4BFBBD22AC93}
		{CF8C6C6F-F259-4227-B2F7-9E7E03D59A74} = {9FFB057D-707E-464D-9C1E-4BFBBD22AC93}
		{6F070C23-A0F1-4B7C-9E2A-5235CCE6F6C1} = {3EA5B10B-B18A-4913-9143-834A1C6DEC56}
		{3BB97F09-EF42-49E5-8BA8-656478C72A02} = {3EA5B10B-B18A-4913-9143-834A1C6DEC56}
		{3D39EC98-C316-4B4F-95D2-C0DDB39C993A} = {3EA5B10B-B18A-4913-9143-834A1C6DEC56}
		{9D8DA6E9-587C-4685-A83A-71BC31BF9A86} = {3EA5B10B-B18A-4913-9143-834A1C6DEC56}
		{0850FC60-C0B1-4DEA-AC62-74BBE9B17732} = {9D8DA6E9-587C-4685-A83A-71BC31BF9A86}
		{4D33539F-1BD3-4CE0-8F1E-AFD3B2EB7CD1} = {9D8DA6E9-587C-4685-A83A-71BC31BF9A86}
		{014FCB6B-CD70-4491-8E2D-FAE5F1DFFA1E} = {9D8DA6E9-587C-4685-A83A-71BC31BF9A86}
		{118EC682-0C63-4EDF-A192-49607FB665F2} = {1CB9768D-3941-4FE0-99E8-7FD319A959A3}
		{4182479F-7B50-4B51-80FD-7EED6C3A1A84} = {1CB9768D-3941-4FE0-99E8-7FD319A959A3}
		{3E972B44-A51F-40BE-ABA5-D60EFCCC344E} = {118EC682-0C63-4EDF-A192-49607FB665F2}
		{255EA20C-5E2C-447F-98D0-E2B8F98FC366} = {118EC682-0C63-4EDF-A192-49607FB665F2}
		{845DFC0C-DBF4-4080-BDDD-70F059EC54B0} = {4182479F-7B50-4B51-80FD-7EED6C3A1A84}
		{34D91175-933D-4EFC-B021-6933717A41C8} = {4182479F-7B50-4B51-80FD-7EED6C3A1A84}
		{5EE94D38-77C8-422C-9E1B-23CBDCFFBA0E} = {1CB9768D-3941-4FE0-99E8-7FD319A959A3}
		{E67EEC45-7591-4B3B-BE59-52C2C7A8E514} = {5EE94D38-77C8-422C-9E1B-23CBDCFFBA0E}
		{45FE5691-32D0-4DB7-B60C-8CBE534CE1F7} = {5EE94D38-77C8-422C-9E1B-23CBDCFFBA0E}
		{F0B8E8BF-3736-4629-9F4F-866FABA780F6} = {5EE94D38-77C8-422C-9E1B-23CBDCFFBA0E}
		{DBF77683-1694-47B0-8650-400B82F240B7} = {5EE94D38-77C8-422C-9E1B-23CBDCFFBA0E}
		{221BE57F-E0ED-46CC-A8CB-9EB87EE7E688} = {5EE94D38-77C8-422C-9E1B-23CBDCFFBA0E}
		{523E3383-4FE4-4F02-A37F-B4E86BB8A030} = {B1D75545-FB2B-445F-AE77-6B9EB5906E2F}
		{432C0AF6-9E06-4FB5-B678-8884F5106CD1} = {B1D75545-FB2B-445F-AE77-6B9EB5906E2F}
		{3EA5B10B-B18A-4913-9143-834A1C6DEC56} = {9FFB057D-707E-464D-9C1E-4BFBBD22AC93}
		{F33E4A2B-5E10-4EAE-8B34-608066458EF4} = {118EC682-0C63-4EDF-A192-49607FB665F2}
		{38EB2206-0CD0-49CA-A031-E8B9014B7F20} = {4182479F-7B50-4B51-80FD-7EED6C3A1A84}
	EndGlobalSection
	GlobalSection(ExtensibilityGlobals) = postSolution
		SolutionGuid = {CF1BE717-8264-4D74-AEED-B289CDEDD42F}
	EndGlobalSection
EndGlobal
